
Microsoft Visual Studio Solution File, Format Version 12.00
# Visual Studio Version 17
VisualStudioVersion = 17.14.36109.1
MinimumVisualStudioVersion = 10.0.40219.1
Project("{FAE04EC0-301F-11D3-BF4B-00C04F79EFBC}") = "GoldenGuard", "GoldenGuard\GoldenGuard.csproj", "{93D032F9-D76F-4ED9-85DD-297088450DD5}"
EndProject
Project("{FAE04EC0-301F-11D3-BF4B-00C04F79EFBC}") = "GoldenGuard.WebApp", "GoldenGuard.WebApp\GoldenGuard.WebApp.csproj", "{78F340C3-5AE0-4D8D-9C6D-78DD863A9E0A}"
EndProject
Global
	GlobalSection(SolutionConfigurationPlatforms) = preSolution
		Debug|Any CPU = Debug|Any CPU
		Release|Any CPU = Release|Any CPU
	EndGlobalSection
	GlobalSection(ProjectConfigurationPlatforms) = postSolution
		{93D032F9-D76F-4ED9-85DD-297088450DD5}.Debug|Any CPU.ActiveCfg = Debug|Any CPU
		{93D032F9-D76F-4ED9-85DD-297088450DD5}.Debug|Any CPU.Build.0 = Debug|Any CPU
		{93D032F9-D76F-4ED9-85DD-297088450DD5}.Release|Any CPU.ActiveCfg = Release|Any CPU
		{93D032F9-D76F-4ED9-85DD-297088450DD5}.Release|Any CPU.Build.0 = Release|Any CPU
		{78F340C3-5AE0-4D8D-9C6D-78DD863A9E0A}.Debug|Any CPU.ActiveCfg = Debug|Any CPU
		{78F340C3-5AE0-4D8D-9C6D-78DD863A9E0A}.Debug|Any CPU.Build.0 = Debug|Any CPU
		{78F340C3-5AE0-4D8D-9C6D-78DD863A9E0A}.Release|Any CPU.ActiveCfg = Release|Any CPU
		{78F340C3-5AE0-4D8D-9C6D-78DD863A9E0A}.Release|Any CPU.Build.0 = Release|Any CPU
	EndGlobalSection
	GlobalSection(SolutionProperties) = preSolution
		HideSolutionNode = FALSE
	EndGlobalSection
	GlobalSection(ExtensibilityGlobals) = postSolution
		SolutionGuid = {477A5831-A8FE-4048-99D8-5FB55E755BF2}
	EndGlobalSection
EndGlobal
